Microsoft Visual Studio Solution File, Format Version 12.00
# Visual Studio Version 17
VisualStudioVersion = 17.5.2.0
MinimumVisualStudioVersion = 10.0.40219.1
Project("{FAE04EC0-301F-11D3-BF4B-00C04F79EFBC}") = "WPF_TSD_project", "WPF_TSD_project.csproj", "{142A50A4-ED9E-A7F1-AFDE-34EC72B68E7E}"
EndProject
Global
	GlobalSection(SolutionConfigurationPlatforms) = preSolution
		Debug|Any CPU = Debug|Any CPU
		Release|Any CPU = Release|Any CPU
	EndGlobalSection
	GlobalSection(ProjectConfigurationPlatforms) = postSolution
		{142A50A4-ED9E-A7F1-AFDE-34EC72B68E7E}.Debug|Any CPU.ActiveCfg = Debug|Any CPU
		{142A50A4-ED9E-A7F1-AFDE-34EC72B68E7E}.Debug|Any CPU.Build.0 = Debug|Any CPU
		{142A50A4-ED9E-A7F1-AFDE-34EC72B68E7E}.Release|Any CPU.ActiveCfg = Release|Any CPU
		{142A50A4-ED9E-A7F1-AFDE-34EC72B68E7E}.Release|Any CPU.Build.0 = Release|Any CPU
	EndGlobalSection
	GlobalSection(SolutionProperties) = preSolution
		HideSolutionNode = FALSE
	EndGlobalSection
	GlobalSection(ExtensibilityGlobals) = postSolution
		SolutionGuid = {D85EC955-A9E7-4A72-BB2B-FE2BFADD5CC0}
	EndGlobalSection
EndGlobal
